// !$*UTF8*$!
{
	archiveVersion = 1;
	classes = {
	};
	objectVersion = 55;
	objects = {

/* Begin PBXBuildFile section */
		5F7076442891054200935909 /* AppDelegate.swift in Sources */ = {isa = PBXBuildFile; fileRef = 5F7076432891054200935909 /* AppDelegate.swift */; };
		5F7076462891054200935909 /* SceneDelegate.swift in Sources */ = {isa = PBXBuildFile; fileRef = 5F7076452891054200935909 /* SceneDelegate.swift */; };
		5F7076482891054200935909 /* ViewController.swift in Sources */ = {isa = PBXBuildFile; fileRef = 5F7076472891054200935909 /* ViewController.swift */; };
		5F70764B2891054200935909 /* Main.storyboard in Resources */ = {isa = PBXBuildFile; fileRef = 5F7076492891054200935909 /* Main.storyboard */; };
		5F70764D2891054700935909 /* Assets.xcassets in Resources */ = {isa = PBXBuildFile; fileRef = 5F70764C2891054700935909 /* Assets.xcassets */; };
		5F7076502891054700935909 /* LaunchScreen.storyboard in Resources */ = {isa = PBXBuildFile; fileRef = 5F70764E2891054700935909 /* LaunchScreen.storyboard */; };
		5F70767528913D8F00935909 /* CollectionViewCell.swift in Sources */ = {isa = PBXBuildFile; fileRef = 5F70767328913D8F00935909 /* CollectionViewCell.swift */; };
		5F70767628913D8F00935909 /* CollectionViewCell.xib in Resources */ = {isa = PBXBuildFile; fileRef = 5F70767428913D8F00935909 /* CollectionViewCell.xib */; };
		5FF3AEB02893AD4D0030A4E8 /* SecondCollectionViewCell.swift in Sources */ = {isa = PBXBuildFile; fileRef = 5FF3AEAE2893AD4D0030A4E8 /* SecondCollectionViewCell.swift */; };
		5FF3AEB12893AD4D0030A4E8 /* SecondCollectionViewCell.xib in Resources */ = {isa = PBXBuildFile; fileRef = 5FF3AEAF2893AD4D0030A4E8 /* SecondCollectionViewCell.xib */; };
		5FF3AEB32893CB5B0030A4E8 /* CollectionViewHeaderReusableView.swift in Sources */ = {isa = PBXBuildFile; fileRef = 5FF3AEB22893CB5B0030A4E8 /* CollectionViewHeaderReusableView.swift */; };
/* End PBXBuildFile section */

/* Begin PBXContainerItemProxy section */
		5F7076572891054800935909 /* PBXContainerItemProxy */ = {
			isa = PBXContainerItemProxy;
			containerPortal = 5F7076382891054200935909 /* Project object */;
			proxyType = 1;
			remoteGlobalIDString = 5F70763F2891054200935909;
			remoteInfo = collectionViewcell;
		};
		5F7076612891054800935909 /* PBXContainerItemProxy */ = {
			isa = PBXContainerItemProxy;
			containerPortal = 5F7076382891054200935909 /* Project object */;
			proxyType = 1;
			remoteGlobalIDString = 5F70763F2891054200935909;
			remoteInfo = collectionViewcell;
		};
/* End PBXContainerItemProxy section */

/* Begin PBXFileReference section */
		5F7076402891054200935909 /* collectionViewcell.app */ = {isa = PBXFileReference; explicitFileType = wrapper.application; includeInIndex = 0; path = collectionViewcell.app; sourceTree = BUILT_PRODUCTS_DIR; };
		5F7076432891054200935909 /* AppDelegate.swift */ = {isa = PBXFileReference; lastKnownFileType = sourcecode.swift; path = AppDelegate.swift; sourceTree = "<group>"; };
		5F7076452891054200935909 /* SceneDelegate.swift */ = {isa = PBXFileReference; lastKnownFileType = sourcecode.swift; path = SceneDelegate.swift; sourceTree = "<group>"; };
		5F7076472891054200935909 /* ViewController.swift */ = {isa = PBXFileReference; lastKnownFileType = sourcecode.swift; path = ViewController.swift; sourceTree = "<group>"; };
		5F70764A2891054200935909 /* Base */ = {isa = PBXFileReference; lastKnownFileType = file.storyboard; name = Base; path = Base.lproj/Main.storyboard; sourceTree = "<group>"; };
		5F70764C2891054700935909 /* Assets.xcassets */ = {isa = PBXFileReference; lastKnownFileType = folder.assetcatalog; path = Assets.xcassets; sourceTree = "<group>"; };
		5F70764F2891054700935909 /* Base */ = {isa = PBXFileReference; lastKnownFileType = file.storyboard; name = Base; path = Base.lproj/LaunchScreen.storyboard; sourceTree = "<group>"; };
		5F7076512891054700935909 /* Info.plist */ = {isa = PBXFileReference; lastKnownFileType = text.plist.xml; path = Info.plist; sourceTree = "<group>"; };
		5F7076562891054800935909 /* collectionViewcellTests.xctest */ = {isa = PBXFileReference; explicitFileType = wrapper.cfbundle; includeInIndex = 0; path = collectionViewcellTests.xctest; sourceTree = BUILT_PRODUCTS_DIR; };
		5F7076602891054800935909 /* collectionViewcellUITests.xctest */ = {isa = PBXFileReference; explicitFileType = wrapper.cfbundle; includeInIndex = 0; path = collectionViewcellUITests.xctest; sourceTree = BUILT_PRODUCTS_DIR; };
		5F70767328913D8F00935909 /* CollectionViewCell.swift */ = {isa = PBXFileReference; lastKnownFileType = sourcecode.swift; path = CollectionViewCell.swift; sourceTree = "<group>"; };
		5F70767428913D8F00935909 /* CollectionViewCell.xib */ = {isa = PBXFileReference; lastKnownFileType = file.xib; path = CollectionViewCell.xib; sourceTree = "<group>"; };
		5FF3AEAE2893AD4D0030A4E8 /* SecondCollectionViewCell.swift */ = {isa = PBXFileReference; lastKnownFileType = sourcecode.swift; path = SecondCollectionViewCell.swift; sourceTree = "<group>"; };
		5FF3AEAF2893AD4D0030A4E8 /* SecondCollectionViewCell.xib */ = {isa = PBXFileReference; lastKnownFileType = file.xib; path = SecondCollectionViewCell.xib; sourceTree = "<group>"; };
		5FF3AEB22893CB5B0030A4E8 /* CollectionViewHeaderReusableView.swift */ = {isa = PBXFileReference; lastKnownFileType = sourcecode.swift; path = CollectionViewHeaderReusableView.swift; sourceTree = "<group>"; };
/* End PBXFileReference section */

/* Begin PBXFrameworksBuildPhase section */
		5F70763D2891054200935909 /* Frameworks */ = {
			isa = PBXFrameworksBuildPhase;
			buildActionMask = 2147483647;
			files = (
			);
			runOnlyForDeploymentPostprocessing = 0;
		};
		5F7076532891054800935909 /* Frameworks */ = {
			isa = PBXFrameworksBuildPhase;
			buildActionMask = 2147483647;
			files = (
			);
			runOnlyForDeploymentPostprocessing = 0;
		};
		5F70765D2891054800935909 /* Frameworks */ = {
			isa = PBXFrameworksBuildPhase;
			buildActionMask = 2147483647;
			files = (
			);
			runOnlyForDeploymentPostprocessing = 0;
		};
/* End PBXFrameworksBuildPhase section */

/* Begin PBXGroup section */
		5F7076372891054200935909 = {
			isa = PBXGroup;
			children = (
				5F7076422891054200935909 /* collectionViewcell */,
				5F7076412891054200935909 /* Products */,
			);
			sourceTree = "<group>";
		};
		5F7076412891054200935909 /* Products */ = {
			isa = PBXGroup;
			children = (
				5F7076402891054200935909 /* collectionViewcell.app */,
				5F7076562891054800935909 /* collectionViewcellTests.xctest */,
				5F7076602891054800935909 /* collectionViewcellUITests.xctest */,
			);
			name = Products;
			sourceTree = "<group>";
		};
		5F7076422891054200935909 /* collectionViewcell */ = {
			isa = PBXGroup;
			children = (
				5F7076432891054200935909 /* AppDelegate.swift */,
				5F7076452891054200935909 /* SceneDelegate.swift */,
				5F7076472891054200935909 /* ViewController.swift */,
				5F70767328913D8F00935909 /* CollectionViewCell.swift */,
				5F70767428913D8F00935909 /* CollectionViewCell.xib */,
				5F7076492891054200935909 /* Main.storyboard */,
				5FF3AEB22893CB5B0030A4E8 /* CollectionViewHeaderReusableView.swift */,
				5F70764C2891054700935909 /* Assets.xcassets */,
				5F70764E2891054700935909 /* LaunchScreen.storyboard */,
				5F7076512891054700935909 /* Info.plist */,
				5FF3AEAE2893AD4D0030A4E8 /* SecondCollectionViewCell.swift */,
				5FF3AEAF2893AD4D0030A4E8 /* SecondCollectionViewCell.xib */,
			);
			path = collectionViewcell;
			sourceTree = "<group>";
		};
/* End PBXGroup section */

/* Begin PBXNativeTarget section */
		5F70763F2891054200935909 /* collectionViewcell */ = {
			isa = PBXNativeTarget;
			buildConfigurationList = 5F70766A2891054800935909 /* Build configuration list for PBXNativeTarget "collectionViewcell" */;
			buildPhases = (
				5F70763C2891054200935909 /* Sources */,
				5F70763D2891054200935909 /* Frameworks */,
				5F70763E2891054200935909 /* Resources */,
			);
			buildRules = (
			);
			dependencies = (
			);
			name = collectionViewcell;
			productName = collectionViewcell;
			productReference = 5F7076402891054200935909 /* collectionViewcell.app */;
			productType = "com.apple.product-type.application";
		};
		5F7076552891054800935909 /* collectionViewcellTests */ = {
			isa = PBXNativeTarget;
			buildConfigurationList = 5F70766D2891054800935909 /* Build configuration list for PBXNativeTarget "collectionViewcellTests" */;
			buildPhases = (
				5F7076522891054800935909 /* Sources */,
				5F7076532891054800935909 /* Frameworks */,
				5F7076542891054800935909 /* Resources */,
			);
			buildRules = (
			);
			dependencies = (
				5F7076582891054800935909 /* PBXTargetDependency */,
			);
			name = collectionViewcellTests;
			productName = collectionViewcellTests;
			productReference = 5F7076562891054800935909 /* collectionViewcellTests.xctest */;
			productType = "com.apple.product-type.bundle.unit-test";
		};
		5F70765F2891054800935909 /* collectionViewcellUITests */ = {
			isa = PBXNativeTarget;
			buildConfigurationList = 5F7076702891054800935909 /* Build configuration list for PBXNativeTarget "collectionViewcellUITests" */;
			buildPhases = (
				5F70765C2891054800935909 /* Sources */,
				5F70765D2891054800935909 /* Frameworks */,
				5F70765E2891054800935909 /* Resources */,
			);
			buildRules = (
			);
			dependencies = (
				5F7076622891054800935909 /* PBXTargetDependency */,
			);
			name = collectionViewcellUITests;
			productName = collectionViewcellUITests;
			productReference = 5F7076602891054800935909 /* collectionViewcellUITests.xctest */;
			productType = "com.apple.product-type.bundle.ui-testing";
		};
/* End PBXNativeTarget section */

/* Begin PBXProject section */
		5F7076382891054200935909 /* Project object */ = {
			isa = PBXProject;
			attributes = {
				BuildIndependentTargetsInParallel = 1;
				LastSwiftUpdateCheck = 1340;
				LastUpgradeCheck = 1340;
				TargetAttributes = {
					5F70763F2891054200935909 = {
						CreatedOnToolsVersion = 13.4.1;
					};
					5F7076552891054800935909 = {
						CreatedOnToolsVersion = 13.4.1;
						TestTargetID = 5F70763F2891054200935909;
					};
					5F70765F2891054800935909 = {
						CreatedOnToolsVersion = 13.4.1;
						TestTargetID = 5F70763F2891054200935909;
					};
				};
			};
			buildConfigurationList = 5F70763B2891054200935909 /* Build configuration list for PBXProject "collectionViewcell" */;
			compatibilityVersion = "Xcode 13.0";
			developmentRegion = en;
			hasScannedForEncodings = 0;
			knownRegions = (
				en,
				Base,
			);
			mainGroup = 5F7076372891054200935909;
			productRefGroup = 5F7076412891054200935909 /* Products */;
			projectDirPath = "";
			projectRoot = "";
			targets = (
				5F70763F2891054200935909 /* collectionViewcell */,
				5F7076552891054800935909 /* collectionViewcellTests */,
				5F70765F2891054800935909 /* collectionViewcellUITests */,
			);
		};
/* End PBXProject section */

/* Begin PBXResourcesBuildPhase section */
		5F70763E2891054200935909 /* Resources */ = {
			isa = PBXResourcesBuildPhase;
			buildActionMask = 2147483647;
			files = (
				5F7076502891054700935909 /* LaunchScreen.storyboard in Resources */,
				5FF3AEB12893AD4D0030A4E8 /* SecondCollectionViewCell.xib in Resources */,
				5F70764D2891054700935909 /* Assets.xcassets in Resources */,
				5F70767628913D8F00935909 /* CollectionViewCell.xib in Resources */,
				5F70764B2891054200935909 /* Main.storyboard in Resources */,
			);
			runOnlyForDeploymentPostprocessing = 0;
		};
		5F7076542891054800935909 /* Resources */ = {
			isa = PBXResourcesBuildPhase;
			buildActionMask = 2147483647;
			files = (
			);
			runOnlyForDeploymentPostprocessing = 0;
		};
		5F70765E2891054800935909 /* Resources */ = {
			isa = PBXResourcesBuildPhase;
			buildActionMask = 2147483647;
			files = (
			);
			runOnlyForDeploymentPostprocessing = 0;
		};
/* End PBXResourcesBuildPhase section */

/* Begin PBXSourcesBuildPhase section */
		5F70763C2891054200935909 /* Sources */ = {
			isa = PBXSourcesBuildPhase;
			buildActionMask = 2147483647;
			files = (
				5F7076482891054200935909 /* ViewController.swift in Sources */,
				5F7076442891054200935909 /* AppDelegate.swift in Sources */,
				5FF3AEB02893AD4D0030A4E8 /* SecondCollectionViewCell.swift in Sources */,
				5FF3AEB32893CB5B0030A4E8 /* CollectionViewHeaderReusableView.swift in Sources */,
				5F70767528913D8F00935909 /* CollectionViewCell.swift in Sources */,
				5F7076462891054200935909 /* SceneDelegate.swift in Sources */,
			);
			runOnlyForDeploymentPostprocessing = 0;
		};
		5F7076522891054800935909 /* Sources */ = {
			isa = PBXSourcesBuildPhase;
			buildActionMask = 2147483647;
			files = (
			);
			runOnlyForDeploymentPostprocessing = 0;
		};
		5F70765C2891054800935909 /* Sources */ = {
			isa = PBXSourcesBuildPhase;
			buildActionMask = 2147483647;
			files = (
			);
			runOnlyForDeploymentPostprocessing = 0;
		};
/* End PBXSourcesBuildPhase section */

/* Begin PBXTargetDependency section */
		5F7076582891054800935909 /* PBXTargetDependency */ = {
			isa = PBXTargetDependency;
			target = 5F70763F2891054200935909 /* collectionViewcell */;
			targetProxy = 5F7076572891054800935909 /* PBXContainerItemProxy */;
		};
		5F7076622891054800935909 /* PBXTargetDependency */ = {
			isa = PBXTargetDependency;
			target = 5F70763F2891054200935909 /* collectionViewcell */;
			targetProxy = 5F7076612891054800935909 /* PBXContainerItemProxy */;
		};
/* End PBXTargetDependency section */

/* Begin PBXVariantGroup section */
		5F7076492891054200935909 /* Main.storyboard */ = {
			isa = PBXVariantGroup;
			children = (
				5F70764A2891054200935909 /* Base */,
			);
			name = Main.storyboard;
			sourceTree = "<group>";
		};
		5F70764E2891054700935909 /* LaunchScreen.storyboard */ = {
			isa = PBXVariantGroup;
			children = (
				5F70764F2891054700935909 /* Base */,
			);
			name = LaunchScreen.storyboard;
			sourceTree = "<group>";
		};
/* End PBXVariantGroup section */

/* Begin XCBuildConfiguration section */
		5F7076682891054800935909 /* Debug */ = {
			isa = XCBuildConfiguration;
			buildSettings = {
				ALWAYS_SEARCH_USER_PATHS = NO;
				CLANG_ANALYZER_NONNULL = YES;
				CLANG_ANALYZER_NUMBER_OBJECT_CONVERSION = YES_AGGRESSIVE;
				CLANG_CXX_LANGUAGE_STANDARD = "gnu++17";
				CLANG_ENABLE_MODULES = YES;
				CLANG_ENABLE_OBJC_ARC = YES;
				CLANG_ENABLE_OBJC_WEAK = YES;
				CLANG_WARN_BLOCK_CAPTURE_AUTORELEASING = YES;
				CLANG_WARN_BOOL_CONVERSION = YES;
				CLANG_WARN_COMMA = YES;
				CLANG_WARN_CONSTANT_CONVERSION = YES;
				CLANG_WARN_DEPRECATED_OBJC_IMPLEMENTATIONS = YES;
				CLANG_WARN_DIRECT_OBJC_ISA_USAGE = YES_ERROR;
				CLANG_WARN_DOCUMENTATION_COMMENTS = YES;
				CLANG_WARN_EMPTY_BODY = YES;
				CLANG_WARN_ENUM_CONVERSION = YES;
				CLANG_WARN_INFINITE_RECURSION = YES;
				CLANG_WARN_INT_CONVERSION = YES;
				CLANG_WARN_NON_LITERAL_NULL_CONVERSION = YES;
				CLANG_WARN_OBJC_IMPLICIT_RETAIN_SELF = YES;
				CLANG_WARN_OBJC_LITERAL_CONVERSION = YES;
				CLANG_WARN_OBJC_ROOT_CLASS = YES_ERROR;
				CLANG_WARN_QUOTED_INCLUDE_IN_FRAMEWORK_HEADER = YES;
				CLANG_WARN_RANGE_LOOP_ANALYSIS = YES;
				CLANG_WARN_STRICT_PROTOTYPES = YES;
				CLANG_WARN_SUSPICIOUS_MOVE = YES;
				CLANG_WARN_UNGUARDED_AVAILABILITY = YES_AGGRESSIVE;
				CLANG_WARN_UNREACHABLE_CODE = YES;
				CLANG_WARN__DUPLICATE_METHOD_MATCH = YES;
				COPY_PHASE_STRIP = NO;
				DEBUG_INFORMATION_FORMAT = dwarf;
				ENABLE_STRICT_OBJC_MSGSEND = YES;
				ENABLE_TESTABILITY = YES;
				GCC_C_LANGUAGE_STANDARD = gnu11;
				GCC_DYNAMIC_NO_PIC = NO;
				GCC_NO_COMMON_BLOCKS = YES;
				GCC_OPTIMIZATION_LEVEL = 0;
				GCC_PREPROCESSOR_DEFINITIONS = (
					"DEBUG=1",
					"$(inherited)",
				);
				GCC_WARN_64_TO_32_BIT_CONVERSION = YES;
				GCC_WARN_ABOUT_RETURN_TYPE = YES_ERROR;
				GCC_WARN_UNDECLARED_SELECTOR = YES;
				GCC_WARN_UNINITIALIZED_AUTOS = YES_AGGRESSIVE;
				GCC_WARN_UNUSED_FUNCTION = YES;
				GCC_WARN_UNUSED_VARIABLE = YES;
				IPHONEOS_DEPLOYMENT_TARGET = 15.5;
				MTL_ENABLE_DEBUG_INFO = INCLUDE_SOURCE;
				MTL_FAST_MATH = YES;
				ONLY_ACTIVE_ARCH = YES;
				SDKROOT = iphoneos;
				SWIFT_ACTIVE_COMPILATION_CONDITIONS = DEBUG;
				SWIFT_OPTIMIZATION_LEVEL = "-Onone";
			};
			name = Debug;
		};
		5F7076692891054800935909 /* Release */ = {
			isa = XCBuildConfiguration;
			buildSettings = {
				ALWAYS_SEARCH_USER_PATHS = NO;
				CLANG_ANALYZER_NONNULL = YES;
				CLANG_ANALYZER_NUMBER_OBJECT_CONVERSION = YES_AGGRESSIVE;
				CLANG_CXX_LANGUAGE_STANDARD = "gnu++17";
				CLANG_ENABLE_MODULES = YES;
				CLANG_ENABLE_OBJC_ARC = YES;
				CLANG_ENABLE_OBJC_WEAK = YES;
				CLANG_WARN_BLOCK_CAPTURE_AUTORELEASING = YES;
				CLANG_WARN_BOOL_CONVERSION = YES;
				CLANG_WARN_COMMA = YES;
				CLANG_WARN_CONSTANT_CONVERSION = YES;
				CLANG_WARN_DEPRECATED_OBJC_IMPLEMENTATIONS = YES;
				CLANG_WARN_DIRECT_OBJC_ISA_USAGE = YES_ERROR;
				CLANG_WARN_DOCUMENTATION_COMMENTS = YES;
				CLANG_WARN_EMPTY_BODY = YES;
				CLANG_WARN_ENUM_CONVERSION = YES;
				CLANG_WARN_INFINITE_RECURSION = YES;
				CLANG_WARN_INT_CONVERSION = YES;
				CLANG_WARN_NON_LITERAL_NULL_CONVERSION = YES;
				CLANG_WARN_OBJC_IMPLICIT_RETAIN_SELF = YES;
				CLANG_WARN_OBJC_LITERAL_CONVERSION = YES;
				CLANG_WARN_OBJC_ROOT_CLASS = YES_ERROR;
				CLANG_WARN_QUOTED_INCLUDE_IN_FRAMEWORK_HEADER = YES;
				CLANG_WARN_RANGE_LOOP_ANALYSIS = YES;
				CLANG_WARN_STRICT_PROTOTYPES = YES;
				CLANG_WARN_SUSPICIOUS_MOVE = YES;
				CLANG_WARN_UNGUARDED_AVAILABILITY = YES_AGGRESSIVE;
				CLANG_WARN_UNREACHABLE_CODE = YES;
				CLANG_WARN__DUPLICATE_METHOD_MATCH = YES;
				COPY_PHASE_STRIP = NO;
				DEBUG_INFORMATION_FORMAT = "dwarf-with-dsym";
				ENABLE_NS_ASSERTIONS = NO;
				ENABLE_STRICT_OBJC_MSGSEND = YES;
				GCC_C_LANGUAGE_STANDARD = gnu11;
				GCC_NO_COMMON_BLOCKS = YES;
				GCC_WARN_64_TO_32_BIT_CONVERSION = YES;
				GCC_WARN_ABOUT_RETURN_TYPE = YES_ERROR;
				GCC_WARN_UNDECLARED_SELECTOR = YES;
				GCC_WARN_UNINITIALIZED_AUTOS = YES_AGGRESSIVE;
				GCC_WARN_UNUSED_FUNCTION = YES;
				GCC_WARN_UNUSED_VARIABLE = YES;
				IPHONEOS_DEPLOYMENT_TARGET = 15.5;
				MTL_ENABLE_DEBUG_INFO = NO;
				MTL_FAST_MATH = YES;
				SDKROOT = iphoneos;
				SWIFT_COMPILATION_MODE = wholemodule;
				SWIFT_OPTIMIZATION_LEVEL = "-O";
				VALIDATE_PRODUCT = YES;
			};
			name = Release;
		};
		5F70766B2891054800935909 /* Debug */ = {
			isa = XCBuildConfiguration;
			buildSettings = {
				ASSETCATALOG_COMPILER_APPICON_NAME = AppIcon;
				ASSETCATALOG_COMPILER_GLOBAL_ACCENT_COLOR_NAME = AccentColor;
				CODE_SIGN_STYLE = Automatic;
				CURRENT_PROJECT_VERSION = 1;
				GENERATE_INFOPLIST_FILE = YES;
				INFOPLIST_FILE = collectionViewcell/Info.plist;
				INFOPLIST_KEY_UIApplicationSupportsIndirectInputEvents = YES;
				INFOPLIST_KEY_UILaunchStoryboardName = LaunchScreen;
				INFOPLIST_KEY_UIMainStoryboardFile = Main;
				INFOPLIST_KEY_UISupportedInterfaceOrientations_iPad = "UIInterfaceOrientationPortrait UIInterfaceOrientationPortraitUpsideDown UIInterfaceOrientationLandscapeLeft UIInterfaceOrientationLandscapeRight";
				INFOPLIST_KEY_UISupportedInterfaceOrientations_iPhone = "UIInterfaceOrientationPortrait UIInterfaceOrientationLandscapeLeft UIInterfaceOrientationLandscapeRight";
				LD_RUNPATH_SEARCH_PATHS = (
					"$(inherited)",
					"@executable_path/Frameworks",
				);
				MARKETING_VERSION = 1.0;
				PRODUCT_BUNDLE_IDENTIFIER = com.realm22.collectionViewcell;
				PRODUCT_NAME = "$(TARGET_NAME)";
				SWIFT_EMIT_LOC_STRINGS = YES;
				SWIFT_VERSION = 5.0;
				TARGETED_DEVICE_FAMILY = "1,2";
			};
			name = Debug;
		};
		5F70766C2891054800935909 /* Release */ = {
			isa = XCBuildConfiguration;
			buildSettings = {
				ASSETCATALOG_COMPILER_APPICON_NAME = AppIcon;
				ASSETCATALOG_COMPILER_GLOBAL_ACCENT_COLOR_NAME = AccentColor;
				CODE_SIGN_STYLE = Automatic;
				CURRENT_PROJECT_VERSION = 1;
				GENERATE_INFOPLIST_FILE = YES;
				INFOPLIST_FILE = collectionViewcell/Info.plist;
				INFOPLIST_KEY_UIApplicationSupportsIndirectInputEvents = YES;
				INFOPLIST_KEY_UILaunchStoryboardName = LaunchScreen;
				INFOPLIST_KEY_UIMainStoryboardFile = Main;
				INFOPLIST_KEY_UISupportedInterfaceOrientations_iPad = "UIInterfaceOrientationPortrait UIInterfaceOrientationPortraitUpsideDown UIInterfaceOrientationLandscapeLeft UIInterfaceOrientationLandscapeRight";
				INFOPLIST_KEY_UISupportedInterfaceOrientations_iPhone = "UIInterfaceOrientationPortrait UIInterfaceOrientationLandscapeLeft UIInterfaceOrientationLandscapeRight";
				LD_RUNPATH_SEARCH_PATHS = (
					"$(inherited)",
					"@executable_path/Frameworks",
				);
				MARKETING_VERSION = 1.0;
				PRODUCT_BUNDLE_IDENTIFIER = com.realm22.collectionViewcell;
				PRODUCT_NAME = "$(TARGET_NAME)";
				SWIFT_EMIT_LOC_STRINGS = YES;
				SWIFT_VERSION = 5.0;
				TARGETED_DEVICE_FAMILY = "1,2";
			};
			name = Release;
		};
		5F70766E2891054800935909 /* Debug */ = {
			isa = XCBuildConfiguration;
			buildSettings = {
				ALWAYS_EMBED_SWIFT_STANDARD_LIBRARIES = YES;
				BUNDLE_LOADER = "$(TEST_HOST)";
				CODE_SIGN_STYLE = Automatic;
				CURRENT_PROJECT_VERSION = 1;
				GENERATE_INFOPLIST_FILE = YES;
				IPHONEOS_DEPLOYMENT_TARGET = 15.5;
				MARKETING_VERSION = 1.0;
				PRODUCT_BUNDLE_IDENTIFIER = com.realm22.collectionViewcellTests;
				PRODUCT_NAME = "$(TARGET_NAME)";
				SWIFT_EMIT_LOC_STRINGS = NO;
				SWIFT_VERSION = 5.0;
				TARGETED_DEVICE_FAMILY = "1,2";
				TEST_HOST = "$(BUILT_PRODUCTS_DIR)/collectionViewcell.app/collectionViewcell";
			};
			name = Debug;
		};
		5F70766F2891054800935909 /* Release */ = {
			isa = XCBuildConfiguration;
			buildSettings = {
				ALWAYS_EMBED_SWIFT_STANDARD_LIBRARIES = YES;
				BUNDLE_LOADER = "$(TEST_HOST)";
				CODE_SIGN_STYLE = Automatic;
				CURRENT_PROJECT_VERSION = 1;
				GENERATE_INFOPLIST_FILE = YES;
				IPHONEOS_DEPLOYMENT_TARGET = 15.5;
				MARKETING_VERSION = 1.0;
				PRODUCT_BUNDLE_IDENTIFIER = com.realm22.collectionViewcellTests;
				PRODUCT_NAME = "$(TARGET_NAME)";
				SWIFT_EMIT_LOC_STRINGS = NO;
				SWIFT_VERSION = 5.0;
				TARGETED_DEVICE_FAMILY = "1,2";
				TEST_HOST = "$(BUILT_PRODUCTS_DIR)/collectionViewcell.app/collectionViewcell";
			};
			name = Release;
		};
		5F7076712891054800935909 /* Debug */ = {
			isa = XCBuildConfiguration;
			buildSettings = {
				ALWAYS_EMBED_SWIFT_STANDARD_LIBRARIES = YES;
				CODE_SIGN_STYLE = Automatic;
				CURRENT_PROJECT_VERSION = 1;
				GENERATE_INFOPLIST_FILE = YES;
				MARKETING_VERSION = 1.0;
				PRODUCT_BUNDLE_IDENTIFIER = com.realm22.collectionViewcellUITests;
				PRODUCT_NAME = "$(TARGET_NAME)";
				SWIFT_EMIT_LOC_STRINGS = NO;
				SWIFT_VERSION = 5.0;
				TARGETED_DEVICE_FAMILY = "1,2";
				TEST_TARGET_NAME = collectionViewcell;
			};
			name = Debug;
		};
		5F7076722891054800935909 /* Release */ = {
			isa = XCBuildConfiguration;
			buildSettings = {
				ALWAYS_EMBED_SWIFT_STANDARD_LIBRARIES = YES;
				CODE_SIGN_STYLE = Automatic;
				CURRENT_PROJECT_VERSION = 1;
				GENERATE_INFOPLIST_FILE = YES;
				MARKETING_VERSION = 1.0;
				PRODUCT_BUNDLE_IDENTIFIER = com.realm22.collectionViewcellUITests;
				PRODUCT_NAME = "$(TARGET_NAME)";
				SWIFT_EMIT_LOC_STRINGS = NO;
				SWIFT_VERSION = 5.0;
				TARGETED_DEVICE_FAMILY = "1,2";
				TEST_TARGET_NAME = collectionViewcell;
			};
			name = Release;
		};
/* End XCBuildConfiguration section */

/* Begin XCConfigurationList section */
		5F70763B2891054200935909 /* Build configuration list for PBXProject "collectionViewcell" */ = {
			isa = XCConfigurationList;
			buildConfigurations = (
				5F7076682891054800935909 /* Debug */,
				5F7076692891054800935909 /* Release */,
			);
			defaultConfigurationIsVisible = 0;
			defaultConfigurationName = Release;
		};
		5F70766A2891054800935909 /* Build configuration list for PBXNativeTarget "collectionViewcell" */ = {
			isa = XCConfigurationList;
			buildConfigurations = (
				5F70766B2891054800935909 /* Debug */,
				5F70766C2891054800935909 /* Release */,
			);
			defaultConfigurationIsVisible = 0;
			defaultConfigurationName = Release;
		};
		5F70766D2891054800935909 /* Build configuration list for PBXNativeTarget "collectionViewcellTests" */ = {
			isa = XCConfigurationList;
			buildConfigurations = (
				5F70766E2891054800935909 /* Debug */,
				5F70766F2891054800935909 /* Release */,
			);
			defaultConfigurationIsVisible = 0;
			defaultConfigurationName = Release;
		};
		5F7076702891054800935909 /* Build configuration list for PBXNativeTarget "collectionViewcellUITests" */ = {
			isa = XCConfigurationList;
			buildConfigurations = (
				5F7076712891054800935909 /* Debug */,
				5F7076722891054800935909 /* Release */,
			);
			defaultConfigurationIsVisible = 0;
			defaultConfigurationName = Release;
		};
/* End XCConfigurationList section */
	};
	rootObject = 5F7076382891054200935909 /* Project object */;
}
